{
  "name": "june-9",
  "version": "1.0.0",
  "lockfileVersion": 1,
  "requires": true,
  "dependencies": {
    "testing-lib": {
      "version": "github:DivyaBharathi-14/test_methods-lib#8bf46e3eba739fddbf41d604062cc576a356388a",
      "from": "github:DivyaBharathi-14/test_methods-lib"
    }
  }
}
